
Microsoft Visual Studio Solution File, Format Version 12.00
# Visual Studio 15
VisualStudioVersion = 15.0.27703.2035
MinimumVisualStudioVersion = 10.0.40219.1
Project("{FAE04EC0-301F-11D3-BF4B-00C04F79EFBC}") = "DemoHttpModule", "DemoHttpModule.csproj", "{0DDF1B2B-E8A6-4E39-98AF-654BF1E8BD11}"
EndProject
Global
	GlobalSection(SolutionConfigurationPlatforms) = preSolution
		Debug|Any CPU = Debug|Any CPU
		Release|Any CPU = Release|Any CPU
	EndGlobalSection
	GlobalSection(ProjectConfigurationPlatforms) = postSolution
		{0DDF1B2B-E8A6-4E39-98AF-654BF1E8BD11}.Debug|Any CPU.ActiveCfg = Debug|Any CPU
		{0DDF1B2B-E8A6-4E39-98AF-654BF1E8BD11}.Debug|Any CPU.Build.0 = Debug|Any CPU
		{0DDF1B2B-E8A6-4E39-98AF-654BF1E8BD11}.Release|Any CPU.ActiveCfg = Release|Any CPU
		{0DDF1B2B-E8A6-4E39-98AF-654BF1E8BD11}.Release|Any CPU.Build.0 = Release|Any CPU
	EndGlobalSection
	GlobalSection(SolutionProperties) = preSolution
		HideSolutionNode = FALSE
	EndGlobalSection
	GlobalSection(ExtensibilityGlobals) = postSolution
		SolutionGuid = {004426A4-3D77-478F-9A12-64F4456E3FFD}
	EndGlobalSection
EndGlobal
